
Microsoft Visual Studio Solution File, Format Version 11.00
# Visual Studio 2010
Project("{FAE04EC0-301F-11D3-BF4B-00C04F79EFBC}") = "WorkflowManagement", "Drawing\WorkflowManagement.csproj", "{AF29CCF2-97BF-40E4-AA38-ECFF692849EB}"
EndProject
Project("{54435603-DBB4-11D2-8724-00A0C9A8B90C}") = "Workflow Designer Setup", "Workflow Designer Setup\Workflow Designer Setup.vdproj", "{72CE8949-FED4-4AA9-AF59-B0766D56564C}"
EndProject
Global
	GlobalSection(SolutionConfigurationPlatforms) = preSolution
		Debug|x86 = Debug|x86
		Release|x86 = Release|x86
	EndGlobalSection
	GlobalSection(ProjectConfigurationPlatforms) = postSolution
		{AF29CCF2-97BF-40E4-AA38-ECFF692849EB}.Debug|x86.ActiveCfg = Debug|x86
		{AF29CCF2-97BF-40E4-AA38-ECFF692849EB}.Debug|x86.Build.0 = Debug|x86
		{AF29CCF2-97BF-40E4-AA38-ECFF692849EB}.Release|x86.ActiveCfg = Release|x86
		{AF29CCF2-97BF-40E4-AA38-ECFF692849EB}.Release|x86.Build.0 = Release|x86
		{72CE8949-FED4-4AA9-AF59-B0766D56564C}.Debug|x86.ActiveCfg = Debug
		{72CE8949-FED4-4AA9-AF59-B0766D56564C}.Release|x86.ActiveCfg = Release
	EndGlobalSection
	GlobalSection(SolutionProperties) = preSolution
		HideSolutionNode = FALSE
	EndGlobalSection
EndGlobal
